// !$*UTF8*$!
{
	archiveVersion = 1;
	classes = {
	};
	objectVersion = 50;
	objects = {

/* Begin PBXBuildFile section */
		ED1A843221AB6E9000F72995 /* AppDelegate.swift in Sources */ = {isa = PBXBuildFile; fileRef = ED1A843121AB6E9000F72995 /* AppDelegate.swift */; };
		ED1A843621AB6E9000F72995 /* GameViewController.swift in Sources */ = {isa = PBXBuildFile; fileRef = ED1A843521AB6E9000F72995 /* GameViewController.swift */; };
		ED1A843921AB6E9000F72995 /* Main.storyboard in Resources */ = {isa = PBXBuildFile; fileRef = ED1A843721AB6E9000F72995 /* Main.storyboard */; };
		ED1A843B21AB6E9200F72995 /* Assets.xcassets in Resources */ = {isa = PBXBuildFile; fileRef = ED1A843A21AB6E9200F72995 /* Assets.xcassets */; };
		ED1A843E21AB6E9200F72995 /* LaunchScreen.storyboard in Resources */ = {isa = PBXBuildFile; fileRef = ED1A843C21AB6E9200F72995 /* LaunchScreen.storyboard */; };
		ED1A844921AB6E9300F72995 /* S1mple3DTests.swift in Sources */ = {isa = PBXBuildFile; fileRef = ED1A844821AB6E9300F72995 /* S1mple3DTests.swift */; };
		ED1A845421AB6E9300F72995 /* S1mple3DUITests.swift in Sources */ = {isa = PBXBuildFile; fileRef = ED1A845321AB6E9300F72995 /* S1mple3DUITests.swift */; };
/* End PBXBuildFile section */

/* Begin PBXContainerItemProxy section */
		ED1A844521AB6E9300F72995 /* PBXContainerItemProxy */ = {
			isa = PBXContainerItemProxy;
			containerPortal = ED1A842621AB6E9000F72995 /* Project object */;
			proxyType = 1;
			remoteGlobalIDString = ED1A842D21AB6E9000F72995;
			remoteInfo = S1mple3D;
		};
		ED1A845021AB6E9300F72995 /* PBXContainerItemProxy */ = {
			isa = PBXContainerItemProxy;
			containerPortal = ED1A842621AB6E9000F72995 /* Project object */;
			proxyType = 1;
			remoteGlobalIDString = ED1A842D21AB6E9000F72995;
			remoteInfo = S1mple3D;
		};
/* End PBXContainerItemProxy section */

/* Begin PBXFileReference section */
		ED1A842E21AB6E9000F72995 /* S1mple3D.app */ = {isa = PBXFileReference; explicitFileType = wrapper.application; includeInIndex = 0; path = S1mple3D.app; sourceTree = BUILT_PRODUCTS_DIR; };
		ED1A843121AB6E9000F72995 /* AppDelegate.swift */ = {isa = PBXFileReference; lastKnownFileType = sourcecode.swift; path = AppDelegate.swift; sourceTree = "<group>"; };
		ED1A843521AB6E9000F72995 /* GameViewController.swift */ = {isa = PBXFileReference; lastKnownFileType = sourcecode.swift; path = GameViewController.swift; sourceTree = "<group>"; };
		ED1A843821AB6E9000F72995 /* Base */ = {isa = PBXFileReference; lastKnownFileType = file.storyboard; name = Base; path = Base.lproj/Main.storyboard; sourceTree = "<group>"; };
		ED1A843A21AB6E9200F72995 /* Assets.xcassets */ = {isa = PBXFileReference; lastKnownFileType = folder.assetcatalog; path = Assets.xcassets; sourceTree = "<group>"; };
		ED1A843D21AB6E9200F72995 /* Base */ = {isa = PBXFileReference; lastKnownFileType = file.storyboard; name = Base; path = Base.lproj/LaunchScreen.storyboard; sourceTree = "<group>"; };
		ED1A843F21AB6E9300F72995 /* Info.plist */ = {isa = PBXFileReference; lastKnownFileType = text.plist.xml; path = Info.plist; sourceTree = "<group>"; };
		ED1A844421AB6E9300F72995 /* S1mple3DTests.xctest */ = {isa = PBXFileReference; explicitFileType = wrapper.cfbundle; includeInIndex = 0; path = S1mple3DTests.xctest; sourceTree = BUILT_PRODUCTS_DIR; };
		ED1A844821AB6E9300F72995 /* S1mple3DTests.swift */ = {isa = PBXFileReference; lastKnownFileType = sourcecode.swift; path = S1mple3DTests.swift; sourceTree = "<group>"; };
		ED1A844A21AB6E9300F72995 /* Info.plist */ = {isa = PBXFileReference; lastKnownFileType = text.plist.xml; path = Info.plist; sourceTree = "<group>"; };
		ED1A844F21AB6E9300F72995 /* S1mple3DUITests.xctest */ = {isa = PBXFileReference; explicitFileType = wrapper.cfbundle; includeInIndex = 0; path = S1mple3DUITests.xctest; sourceTree = BUILT_PRODUCTS_DIR; };
		ED1A845321AB6E9300F72995 /* S1mple3DUITests.swift */ = {isa = PBXFileReference; lastKnownFileType = sourcecode.swift; path = S1mple3DUITests.swift; sourceTree = "<group>"; };
		ED1A845521AB6E9300F72995 /* Info.plist */ = {isa = PBXFileReference; lastKnownFileType = text.plist.xml; path = Info.plist; sourceTree = "<group>"; };
/* End PBXFileReference section */

/* Begin PBXFrameworksBuildPhase section */
		ED1A842B21AB6E9000F72995 /* Frameworks */ = {
			isa = PBXFrameworksBuildPhase;
			buildActionMask = 2147483647;
			files = (
			);
			runOnlyForDeploymentPostprocessing = 0;
		};
		ED1A844121AB6E9300F72995 /* Frameworks */ = {
			isa = PBXFrameworksBuildPhase;
			buildActionMask = 2147483647;
			files = (
			);
			runOnlyForDeploymentPostprocessing = 0;
		};
		ED1A844C21AB6E9300F72995 /* Frameworks */ = {
			isa = PBXFrameworksBuildPhase;
			buildActionMask = 2147483647;
			files = (
			);
			runOnlyForDeploymentPostprocessing = 0;
		};
/* End PBXFrameworksBuildPhase section */

/* Begin PBXGroup section */
		ED1A842521AB6E9000F72995 = {
			isa = PBXGroup;
			children = (
				ED1A843021AB6E9000F72995 /* S1mple3D */,
				ED1A844721AB6E9300F72995 /* S1mple3DTests */,
				ED1A845221AB6E9300F72995 /* S1mple3DUITests */,
				ED1A842F21AB6E9000F72995 /* Products */,
			);
			sourceTree = "<group>";
		};
		ED1A842F21AB6E9000F72995 /* Products */ = {
			isa = PBXGroup;
			children = (
				ED1A842E21AB6E9000F72995 /* S1mple3D.app */,
				ED1A844421AB6E9300F72995 /* S1mple3DTests.xctest */,
				ED1A844F21AB6E9300F72995 /* S1mple3DUITests.xctest */,
			);
			name = Products;
			sourceTree = "<group>";
		};
		ED1A843021AB6E9000F72995 /* S1mple3D */ = {
			isa = PBXGroup;
			children = (
				ED1A843121AB6E9000F72995 /* AppDelegate.swift */,
				ED1A843521AB6E9000F72995 /* GameViewController.swift */,
				ED1A843721AB6E9000F72995 /* Main.storyboard */,
				ED1A843A21AB6E9200F72995 /* Assets.xcassets */,
				ED1A843C21AB6E9200F72995 /* LaunchScreen.storyboard */,
				ED1A843F21AB6E9300F72995 /* Info.plist */,
			);
			path = S1mple3D;
			sourceTree = "<group>";
		};
		ED1A844721AB6E9300F72995 /* S1mple3DTests */ = {
			isa = PBXGroup;
			children = (
				ED1A844821AB6E9300F72995 /* S1mple3DTests.swift */,
				ED1A844A21AB6E9300F72995 /* Info.plist */,
			);
			path = S1mple3DTests;
			sourceTree = "<group>";
		};
		ED1A845221AB6E9300F72995 /* S1mple3DUITests */ = {
			isa = PBXGroup;
			children = (
				ED1A845321AB6E9300F72995 /* S1mple3DUITests.swift */,
				ED1A845521AB6E9300F72995 /* Info.plist */,
			);
			path = S1mple3DUITests;
			sourceTree = "<group>";
		};
/* End PBXGroup section */

/* Begin PBXNativeTarget section */
		ED1A842D21AB6E9000F72995 /* S1mple3D */ = {
			isa = PBXNativeTarget;
			buildConfigurationList = ED1A845821AB6E9300F72995 /* Build configuration list for PBXNativeTarget "S1mple3D" */;
			buildPhases = (
				ED1A842A21AB6E9000F72995 /* Sources */,
				ED1A842B21AB6E9000F72995 /* Frameworks */,
				ED1A842C21AB6E9000F72995 /* Resources */,
			);
			buildRules = (
			);
			dependencies = (
			);
			name = S1mple3D;
			productName = S1mple3D;
			productReference = ED1A842E21AB6E9000F72995 /* S1mple3D.app */;
			productType = "com.apple.product-type.application";
		};
		ED1A844321AB6E9300F72995 /* S1mple3DTests */ = {
			isa = PBXNativeTarget;
			buildConfigurationList = ED1A845B21AB6E9300F72995 /* Build configuration list for PBXNativeTarget "S1mple3DTests" */;
			buildPhases = (
				ED1A844021AB6E9300F72995 /* Sources */,
				ED1A844121AB6E9300F72995 /* Frameworks */,
				ED1A844221AB6E9300F72995 /* Resources */,
			);
			buildRules = (
			);
			dependencies = (
				ED1A844621AB6E9300F72995 /* PBXTargetDependency */,
			);
			name = S1mple3DTests;
			productName = S1mple3DTests;
			productReference = ED1A844421AB6E9300F72995 /* S1mple3DTests.xctest */;
			productType = "com.apple.product-type.bundle.unit-test";
		};
		ED1A844E21AB6E9300F72995 /* S1mple3DUITests */ = {
			isa = PBXNativeTarget;
			buildConfigurationList = ED1A845E21AB6E9300F72995 /* Build configuration list for PBXNativeTarget "S1mple3DUITests" */;
			buildPhases = (
				ED1A844B21AB6E9300F72995 /* Sources */,
				ED1A844C21AB6E9300F72995 /* Frameworks */,
				ED1A844D21AB6E9300F72995 /* Resources */,
			);
			buildRules = (
			);
			dependencies = (
				ED1A845121AB6E9300F72995 /* PBXTargetDependency */,
			);
			name = S1mple3DUITests;
			productName = S1mple3DUITests;
			productReference = ED1A844F21AB6E9300F72995 /* S1mple3DUITests.xctest */;
			productType = "com.apple.product-type.bundle.ui-testing";
		};
/* End PBXNativeTarget section */

/* Begin PBXProject section */
		ED1A842621AB6E9000F72995 /* Project object */ = {
			isa = PBXProject;
			attributes = {
				LastSwiftUpdateCheck = 0930;
				LastUpgradeCheck = 0930;
				ORGANIZATIONNAME = "Mikhail Petrenko";
				TargetAttributes = {
					ED1A842D21AB6E9000F72995 = {
						CreatedOnToolsVersion = 9.3.1;
					};
					ED1A844321AB6E9300F72995 = {
						CreatedOnToolsVersion = 9.3.1;
						TestTargetID = ED1A842D21AB6E9000F72995;
					};
					ED1A844E21AB6E9300F72995 = {
						CreatedOnToolsVersion = 9.3.1;
						TestTargetID = ED1A842D21AB6E9000F72995;
					};
				};
			};
			buildConfigurationList = ED1A842921AB6E9000F72995 /* Build configuration list for PBXProject "S1mple3D" */;
			compatibilityVersion = "Xcode 9.3";
			developmentRegion = en;
			hasScannedForEncodings = 0;
			knownRegions = (
				en,
				Base,
			);
			mainGroup = ED1A842521AB6E9000F72995;
			productRefGroup = ED1A842F21AB6E9000F72995 /* Products */;
			projectDirPath = "";
			projectRoot = "";
			targets = (
				ED1A842D21AB6E9000F72995 /* S1mple3D */,
				ED1A844321AB6E9300F72995 /* S1mple3DTests */,
				ED1A844E21AB6E9300F72995 /* S1mple3DUITests */,
			);
		};
/* End PBXProject section */

/* Begin PBXResourcesBuildPhase section */
		ED1A842C21AB6E9000F72995 /* Resources */ = {
			isa = PBXResourcesBuildPhase;
			buildActionMask = 2147483647;
			files = (
				ED1A843E21AB6E9200F72995 /* LaunchScreen.storyboard in Resources */,
				ED1A843B21AB6E9200F72995 /* Assets.xcassets in Resources */,
				ED1A843921AB6E9000F72995 /* Main.storyboard in Resources */,
			);
			runOnlyForDeploymentPostprocessing = 0;
		};
		ED1A844221AB6E9300F72995 /* Resources */ = {
			isa = PBXResourcesBuildPhase;
			buildActionMask = 2147483647;
			files = (
			);
			runOnlyForDeploymentPostprocessing = 0;
		};
		ED1A844D21AB6E9300F72995 /* Resources */ = {
			isa = PBXResourcesBuildPhase;
			buildActionMask = 2147483647;
			files = (
			);
			runOnlyForDeploymentPostprocessing = 0;
		};
/* End PBXResourcesBuildPhase section */

/* Begin PBXSourcesBuildPhase section */
		ED1A842A21AB6E9000F72995 /* Sources */ = {
			isa = PBXSourcesBuildPhase;
			buildActionMask = 2147483647;
			files = (
				ED1A843621AB6E9000F72995 /* GameViewController.swift in Sources */,
				ED1A843221AB6E9000F72995 /* AppDelegate.swift in Sources */,
			);
			runOnlyForDeploymentPostprocessing = 0;
		};
		ED1A844021AB6E9300F72995 /* Sources */ = {
			isa = PBXSourcesBuildPhase;
			buildActionMask = 2147483647;
			files = (
				ED1A844921AB6E9300F72995 /* S1mple3DTests.swift in Sources */,
			);
			runOnlyForDeploymentPostprocessing = 0;
		};
		ED1A844B21AB6E9300F72995 /* Sources */ = {
			isa = PBXSourcesBuildPhase;
			buildActionMask = 2147483647;
			files = (
				ED1A845421AB6E9300F72995 /* S1mple3DUITests.swift in Sources */,
			);
			runOnlyForDeploymentPostprocessing = 0;
		};
/* End PBXSourcesBuildPhase section */

/* Begin PBXTargetDependency section */
		ED1A844621AB6E9300F72995 /* PBXTargetDependency */ = {
			isa = PBXTargetDependency;
			target = ED1A842D21AB6E9000F72995 /* S1mple3D */;
			targetProxy = ED1A844521AB6E9300F72995 /* PBXContainerItemProxy */;
		};
		ED1A845121AB6E9300F72995 /* PBXTargetDependency */ = {
			isa = PBXTargetDependency;
			target = ED1A842D21AB6E9000F72995 /* S1mple3D */;
			targetProxy = ED1A845021AB6E9300F72995 /* PBXContainerItemProxy */;
		};
/* End PBXTargetDependency section */

/* Begin PBXVariantGroup section */
		ED1A843721AB6E9000F72995 /* Main.storyboard */ = {
			isa = PBXVariantGroup;
			children = (
				ED1A843821AB6E9000F72995 /* Base */,
			);
			name = Main.storyboard;
			sourceTree = "<group>";
		};
		ED1A843C21AB6E9200F72995 /* LaunchScreen.storyboard */ = {
			isa = PBXVariantGroup;
			children = (
				ED1A843D21AB6E9200F72995 /* Base */,
			);
			name = LaunchScreen.storyboard;
			sourceTree = "<group>";
		};
/* End PBXVariantGroup section */

/* Begin XCBuildConfiguration section */
		ED1A845621AB6E9300F72995 /* Debug */ = {
			isa = XCBuildConfiguration;
			buildSettings = {
				ALWAYS_SEARCH_USER_PATHS = NO;
				CLANG_ANALYZER_NONNULL = YES;
				CLANG_ANALYZER_NUMBER_OBJECT_CONVERSION = YES_AGGRESSIVE;
				CLANG_CXX_LANGUAGE_STANDARD = "gnu++14";
				CLANG_CXX_LIBRARY = "libc++";
				CLANG_ENABLE_MODULES = YES;
				CLANG_ENABLE_OBJC_ARC = YES;
				CLANG_ENABLE_OBJC_WEAK = YES;
				CLANG_WARN_BLOCK_CAPTURE_AUTORELEASING = YES;
				CLANG_WARN_BOOL_CONVERSION = YES;
				CLANG_WARN_COMMA = YES;
				CLANG_WARN_CONSTANT_CONVERSION = YES;
				CLANG_WARN_DEPRECATED_OBJC_IMPLEMENTATIONS = YES;
				CLANG_WARN_DIRECT_OBJC_ISA_USAGE = YES_ERROR;
				CLANG_WARN_DOCUMENTATION_COMMENTS = YES;
				CLANG_WARN_EMPTY_BODY = YES;
				CLANG_WARN_ENUM_CONVERSION = YES;
				CLANG_WARN_INFINITE_RECURSION = YES;
				CLANG_WARN_INT_CONVERSION = YES;
				CLANG_WARN_NON_LITERAL_NULL_CONVERSION = YES;
				CLANG_WARN_OBJC_IMPLICIT_RETAIN_SELF = YES;
				CLANG_WARN_OBJC_LITERAL_CONVERSION = YES;
				CLANG_WARN_OBJC_ROOT_CLASS = YES_ERROR;
				CLANG_WARN_RANGE_LOOP_ANALYSIS = YES;
				CLANG_WARN_STRICT_PROTOTYPES = YES;
				CLANG_WARN_SUSPICIOUS_MOVE = YES;
				CLANG_WARN_UNGUARDED_AVAILABILITY = YES_AGGRESSIVE;
				CLANG_WARN_UNREACHABLE_CODE = YES;
				CLANG_WARN__DUPLICATE_METHOD_MATCH = YES;
				CODE_SIGN_IDENTITY = "iPhone Developer";
				COPY_PHASE_STRIP = NO;
				DEBUG_INFORMATION_FORMAT = dwarf;
				ENABLE_STRICT_OBJC_MSGSEND = YES;
				ENABLE_TESTABILITY = YES;
				GCC_C_LANGUAGE_STANDARD = gnu11;
				GCC_DYNAMIC_NO_PIC = NO;
				GCC_NO_COMMON_BLOCKS = YES;
				GCC_OPTIMIZATION_LEVEL = 0;
				GCC_PREPROCESSOR_DEFINITIONS = (
					"DEBUG=1",
					"$(inherited)",
				);
				GCC_WARN_64_TO_32_BIT_CONVERSION = YES;
				GCC_WARN_ABOUT_RETURN_TYPE = YES_ERROR;
				GCC_WARN_UNDECLARED_SELECTOR = YES;
				GCC_WARN_UNINITIALIZED_AUTOS = YES_AGGRESSIVE;
				GCC_WARN_UNUSED_FUNCTION = YES;
				GCC_WARN_UNUSED_VARIABLE = YES;
				IPHONEOS_DEPLOYMENT_TARGET = 11.3;
				MTL_ENABLE_DEBUG_INFO = YES;
				ONLY_ACTIVE_ARCH = YES;
				SDKROOT = iphoneos;
				SWIFT_ACTIVE_COMPILATION_CONDITIONS = DEBUG;
				SWIFT_OPTIMIZATION_LEVEL = "-Onone";
			};
			name = Debug;
		};
		ED1A845721AB6E9300F72995 /* Release */ = {
			isa = XCBuildConfiguration;
			buildSettings = {
				ALWAYS_SEARCH_USER_PATHS = NO;
				CLANG_ANALYZER_NONNULL = YES;
				CLANG_ANALYZER_NUMBER_OBJECT_CONVERSION = YES_AGGRESSIVE;
				CLANG_CXX_LANGUAGE_STANDARD = "gnu++14";
				CLANG_CXX_LIBRARY = "libc++";
				CLANG_ENABLE_MODULES = YES;
				CLANG_ENABLE_OBJC_ARC = YES;
				CLANG_ENABLE_OBJC_WEAK = YES;
				CLANG_WARN_BLOCK_CAPTURE_AUTORELEASING = YES;
				CLANG_WARN_BOOL_CONVERSION = YES;
				CLANG_WARN_COMMA = YES;
				CLANG_WARN_CONSTANT_CONVERSION = YES;
				CLANG_WARN_DEPRECATED_OBJC_IMPLEMENTATIONS = YES;
				CLANG_WARN_DIRECT_OBJC_ISA_USAGE = YES_ERROR;
				CLANG_WARN_DOCUMENTATION_COMMENTS = YES;
				CLANG_WARN_EMPTY_BODY = YES;
				CLANG_WARN_ENUM_CONVERSION = YES;
				CLANG_WARN_INFINITE_RECURSION = YES;
				CLANG_WARN_INT_CONVERSION = YES;
				CLANG_WARN_NON_LITERAL_NULL_CONVERSION = YES;
				CLANG_WARN_OBJC_IMPLICIT_RETAIN_SELF = YES;
				CLANG_WARN_OBJC_LITERAL_CONVERSION = YES;
				CLANG_WARN_OBJC_ROOT_CLASS = YES_ERROR;
				CLANG_WARN_RANGE_LOOP_ANALYSIS = YES;
				CLANG_WARN_STRICT_PROTOTYPES = YES;
				CLANG_WARN_SUSPICIOUS_MOVE = YES;
				CLANG_WARN_UNGUARDED_AVAILABILITY = YES_AGGRESSIVE;
				CLANG_WARN_UNREACHABLE_CODE = YES;
				CLANG_WARN__DUPLICATE_METHOD_MATCH = YES;
				CODE_SIGN_IDENTITY = "iPhone Developer";
				COPY_PHASE_STRIP = NO;
				DEBUG_INFORMATION_FORMAT = "dwarf-with-dsym";
				ENABLE_NS_ASSERTIONS = NO;
				ENABLE_STRICT_OBJC_MSGSEND = YES;
				GCC_C_LANGUAGE_STANDARD = gnu11;
				GCC_NO_COMMON_BLOCKS = YES;
				GCC_WARN_64_TO_32_BIT_CONVERSION = YES;
				GCC_WARN_ABOUT_RETURN_TYPE = YES_ERROR;
				GCC_WARN_UNDECLARED_SELECTOR = YES;
				GCC_WARN_UNINITIALIZED_AUTOS = YES_AGGRESSIVE;
				GCC_WARN_UNUSED_FUNCTION = YES;
				GCC_WARN_UNUSED_VARIABLE = YES;
				IPHONEOS_DEPLOYMENT_TARGET = 11.3;
				MTL_ENABLE_DEBUG_INFO = NO;
				SDKROOT = iphoneos;
				SWIFT_COMPILATION_MODE = wholemodule;
				SWIFT_OPTIMIZATION_LEVEL = "-O";
				VALIDATE_PRODUCT = YES;
			};
			name = Release;
		};
		ED1A845921AB6E9300F72995 /* Debug */ = {
			isa = XCBuildConfiguration;
			buildSettings = {
				ASSETCATALOG_COMPILER_APPICON_NAME = AppIcon;
				CODE_SIGN_STYLE = Automatic;
				DEVELOPMENT_TEAM = PDP8W23XN5;
				INFOPLIST_FILE = S1mple3D/Info.plist;
				LD_RUNPATH_SEARCH_PATHS = (
					"$(inherited)",
					"@executable_path/Frameworks",
				);
				PRODUCT_BUNDLE_IDENTIFIER = com.mikkicon.S1mple3D;
				PRODUCT_NAME = "$(TARGET_NAME)";
				SWIFT_VERSION = 4.0;
				TARGETED_DEVICE_FAMILY = "1,2";
			};
			name = Debug;
		};
		ED1A845A21AB6E9300F72995 /* Release */ = {
			isa = XCBuildConfiguration;
			buildSettings = {
				ASSETCATALOG_COMPILER_APPICON_NAME = AppIcon;
				CODE_SIGN_STYLE = Automatic;
				DEVELOPMENT_TEAM = PDP8W23XN5;
				INFOPLIST_FILE = S1mple3D/Info.plist;
				LD_RUNPATH_SEARCH_PATHS = (
					"$(inherited)",
					"@executable_path/Frameworks",
				);
				PRODUCT_BUNDLE_IDENTIFIER = com.mikkicon.S1mple3D;
				PRODUCT_NAME = "$(TARGET_NAME)";
				SWIFT_VERSION = 4.0;
				TARGETED_DEVICE_FAMILY = "1,2";
			};
			name = Release;
		};
		ED1A845C21AB6E9300F72995 /* Debug */ = {
			isa = XCBuildConfiguration;
			buildSettings = {
				ALWAYS_EMBED_SWIFT_STANDARD_LIBRARIES = YES;
				BUNDLE_LOADER = "$(TEST_HOST)";
				CODE_SIGN_STYLE = Automatic;
				DEVELOPMENT_TEAM = PDP8W23XN5;
				INFOPLIST_FILE = S1mple3DTests/Info.plist;
				LD_RUNPATH_SEARCH_PATHS = (
					"$(inherited)",
					"@executable_path/Frameworks",
					"@loader_path/Frameworks",
				);
				PRODUCT_BUNDLE_IDENTIFIER = com.mikkicon.S1mple3DTests;
				PRODUCT_NAME = "$(TARGET_NAME)";
				SWIFT_VERSION = 4.0;
				TARGETED_DEVICE_FAMILY = "1,2";
				TEST_HOST = "$(BUILT_PRODUCTS_DIR)/S1mple3D.app/S1mple3D";
			};
			name = Debug;
		};
		ED1A845D21AB6E9300F72995 /* Release */ = {
			isa = XCBuildConfiguration;
			buildSettings = {
				ALWAYS_EMBED_SWIFT_STANDARD_LIBRARIES = YES;
				BUNDLE_LOADER = "$(TEST_HOST)";
				CODE_SIGN_STYLE = Automatic;
				DEVELOPMENT_TEAM = PDP8W23XN5;
				INFOPLIST_FILE = S1mple3DTests/Info.plist;
				LD_RUNPATH_SEARCH_PATHS = (
					"$(inherited)",
					"@executable_path/Frameworks",
					"@loader_path/Frameworks",
				);
				PRODUCT_BUNDLE_IDENTIFIER = com.mikkicon.S1mple3DTests;
				PRODUCT_NAME = "$(TARGET_NAME)";
				SWIFT_VERSION = 4.0;
				TARGETED_DEVICE_FAMILY = "1,2";
				TEST_HOST = "$(BUILT_PRODUCTS_DIR)/S1mple3D.app/S1mple3D";
			};
			name = Release;
		};
		ED1A845F21AB6E9300F72995 /* Debug */ = {
			isa = XCBuildConfiguration;
			buildSettings = {
				ALWAYS_EMBED_SWIFT_STANDARD_LIBRARIES = YES;
				CODE_SIGN_STYLE = Automatic;
				DEVELOPMENT_TEAM = PDP8W23XN5;
				INFOPLIST_FILE = S1mple3DUITests/Info.plist;
				LD_RUNPATH_SEARCH_PATHS = (
					"$(inherited)",
					"@executable_path/Frameworks",
					"@loader_path/Frameworks",
				);
				PRODUCT_BUNDLE_IDENTIFIER = com.mikkicon.S1mple3DUITests;
				PRODUCT_NAME = "$(TARGET_NAME)";
				SWIFT_VERSION = 4.0;
				TARGETED_DEVICE_FAMILY = "1,2";
				TEST_TARGET_NAME = S1mple3D;
			};
			name = Debug;
		};
		ED1A846021AB6E9300F72995 /* Release */ = {
			isa = XCBuildConfiguration;
			buildSettings = {
				ALWAYS_EMBED_SWIFT_STANDARD_LIBRARIES = YES;
				CODE_SIGN_STYLE = Automatic;
				DEVELOPMENT_TEAM = PDP8W23XN5;
				INFOPLIST_FILE = S1mple3DUITests/Info.plist;
				LD_RUNPATH_SEARCH_PATHS = (
					"$(inherited)",
					"@executable_path/Frameworks",
					"@loader_path/Frameworks",
				);
				PRODUCT_BUNDLE_IDENTIFIER = com.mikkicon.S1mple3DUITests;
				PRODUCT_NAME = "$(TARGET_NAME)";
				SWIFT_VERSION = 4.0;
				TARGETED_DEVICE_FAMILY = "1,2";
				TEST_TARGET_NAME = S1mple3D;
			};
			name = Release;
		};
/* End XCBuildConfiguration section */

/* Begin XCConfigurationList section */
		ED1A842921AB6E9000F72995 /* Build configuration list for PBXProject "S1mple3D" */ = {
			isa = XCConfigurationList;
			buildConfigurations = (
				ED1A845621AB6E9300F72995 /* Debug */,
				ED1A845721AB6E9300F72995 /* Release */,
			);
			defaultConfigurationIsVisible = 0;
			defaultConfigurationName = Release;
		};
		ED1A845821AB6E9300F72995 /* Build configuration list for PBXNativeTarget "S1mple3D" */ = {
			isa = XCConfigurationList;
			buildConfigurations = (
				ED1A845921AB6E9300F72995 /* Debug */,
				ED1A845A21AB6E9300F72995 /* Release */,
			);
			defaultConfigurationIsVisible = 0;
			defaultConfigurationName = Release;
		};
		ED1A845B21AB6E9300F72995 /* Build configuration list for PBXNativeTarget "S1mple3DTests" */ = {
			isa = XCConfigurationList;
			buildConfigurations = (
				ED1A845C21AB6E9300F72995 /* Debug */,
				ED1A845D21AB6E9300F72995 /* Release */,
			);
			defaultConfigurationIsVisible = 0;
			defaultConfigurationName = Release;
		};
		ED1A845E21AB6E9300F72995 /* Build configuration list for PBXNativeTarget "S1mple3DUITests" */ = {
			isa = XCConfigurationList;
			buildConfigurations = (
				ED1A845F21AB6E9300F72995 /* Debug */,
				ED1A846021AB6E9300F72995 /* Release */,
			);
			defaultConfigurationIsVisible = 0;
			defaultConfigurationName = Release;
		};
/* End XCConfigurationList section */
	};
	rootObject = ED1A842621AB6E9000F72995 /* Project object */;
}
